
Microsoft Visual Studio Solution File, Format Version 12.00
# Visual Studio Version 17
VisualStudioVersion = 17.13.35828.75 d17.13
MinimumVisualStudioVersion = 10.0.40219.1
Project("{FAE04EC0-301F-11D3-BF4B-00C04F79EFBC}") = "Eticaret.WebUI", "Eticaret.WebUI\Eticaret.WebUI.csproj", "{6B47FFCD-A83C-4E6E-A460-F597A4D0832E}"
EndProject
Project("{FAE04EC0-301F-11D3-BF4B-00C04F79EFBC}") = "Eticaret.Core", "Eticaret.Core\Eticaret.Core.csproj", "{C8E38090-742A-40C1-A5AD-C43AC5467BA9}"
EndProject
Project("{FAE04EC0-301F-11D3-BF4B-00C04F79EFBC}") = "Eticaret.Data", "Eticaret.Data\Eticaret.Data.csproj", "{6D2045C5-289C-46E5-B815-94B00BF2C03E}"
EndProject
Project("{FAE04EC0-301F-11D3-BF4B-00C04F79EFBC}") = "Eticaret.Service", "Eticaret.Service\Eticaret.Service.csproj", "{749498D2-01DB-48CC-8CE9-61D59FCC2CE8}"
EndProject
Global
	GlobalSection(SolutionConfigurationPlatforms) = preSolution
		Debug|Any CPU = Debug|Any CPU
		Release|Any CPU = Release|Any CPU
	EndGlobalSection
	GlobalSection(ProjectConfigurationPlatforms) = postSolution
		{6B47FFCD-A83C-4E6E-A460-F597A4D0832E}.Debug|Any CPU.ActiveCfg = Debug|Any CPU
		{6B47FFCD-A83C-4E6E-A460-F597A4D0832E}.Debug|Any CPU.Build.0 = Debug|Any CPU
		{6B47FFCD-A83C-4E6E-A460-F597A4D0832E}.Release|Any CPU.ActiveCfg = Release|Any CPU
		{6B47FFCD-A83C-4E6E-A460-F597A4D0832E}.Release|Any CPU.Build.0 = Release|Any CPU
		{C8E38090-742A-40C1-A5AD-C43AC5467BA9}.Debug|Any CPU.ActiveCfg = Debug|Any CPU
		{C8E38090-742A-40C1-A5AD-C43AC5467BA9}.Debug|Any CPU.Build.0 = Debug|Any CPU
		{C8E38090-742A-40C1-A5AD-C43AC5467BA9}.Release|Any CPU.ActiveCfg = Release|Any CPU
		{C8E38090-742A-40C1-A5AD-C43AC5467BA9}.Release|Any CPU.Build.0 = Release|Any CPU
		{6D2045C5-289C-46E5-B815-94B00BF2C03E}.Debug|Any CPU.ActiveCfg = Debug|Any CPU
		{6D2045C5-289C-46E5-B815-94B00BF2C03E}.Debug|Any CPU.Build.0 = Debug|Any CPU
		{6D2045C5-289C-46E5-B815-94B00BF2C03E}.Release|Any CPU.ActiveCfg = Release|Any CPU
		{6D2045C5-289C-46E5-B815-94B00BF2C03E}.Release|Any CPU.Build.0 = Release|Any CPU
		{749498D2-01DB-48CC-8CE9-61D59FCC2CE8}.Debug|Any CPU.ActiveCfg = Debug|Any CPU
		{749498D2-01DB-48CC-8CE9-61D59FCC2CE8}.Debug|Any CPU.Build.0 = Debug|Any CPU
		{749498D2-01DB-48CC-8CE9-61D59FCC2CE8}.Release|Any CPU.ActiveCfg = Release|Any CPU
		{749498D2-01DB-48CC-8CE9-61D59FCC2CE8}.Release|Any CPU.Build.0 = Release|Any CPU
	EndGlobalSection
	GlobalSection(SolutionProperties) = preSolution
		HideSolutionNode = FALSE
	EndGlobalSection
	GlobalSection(ExtensibilityGlobals) = postSolution
		SolutionGuid = {B3E2CC1A-4852-43FF-A249-6356D49BAD74}
	EndGlobalSection
EndGlobal
